
Microsoft Visual Studio Solution File, Format Version 12.00
# Visual Studio Version 16
VisualStudioVersion = 16.0.29613.14
MinimumVisualStudioVersion = 10.0.40219.1
Project("{F184B08F-C81C-45F6-A57F-5ABD9991F28F}") = "ASasitharan_Lab6", "ASasitharan_Lab6.vbproj", "{0DD1E241-6498-4CE3-96C4-A8B893533204}"
EndProject
Global
	GlobalSection(SolutionConfigurationPlatforms) = preSolution
		Debug|Any CPU = Debug|Any CPU
		Release|Any CPU = Release|Any CPU
	EndGlobalSection
	GlobalSection(ProjectConfigurationPlatforms) = postSolution
		{0DD1E241-6498-4CE3-96C4-A8B893533204}.Debug|Any CPU.ActiveCfg = Debug|Any CPU
		{0DD1E241-6498-4CE3-96C4-A8B893533204}.Debug|Any CPU.Build.0 = Debug|Any CPU
		{0DD1E241-6498-4CE3-96C4-A8B893533204}.Release|Any CPU.ActiveCfg = Release|Any CPU
		{0DD1E241-6498-4CE3-96C4-A8B893533204}.Release|Any CPU.Build.0 = Release|Any CPU
	EndGlobalSection
	GlobalSection(SolutionProperties) = preSolution
		HideSolutionNode = FALSE
	EndGlobalSection
	GlobalSection(ExtensibilityGlobals) = postSolution
		SolutionGuid = {FA758BD5-3CDD-46C3-BCE3-F1A3A38E22F0}
	EndGlobalSection
EndGlobal
